# This file is generated by running "yarn install" inside your project.
# Manual changes might be lost - proceed with caution!

__metadata:
  version: 10
  cacheKey: 10c0

"@calcit/procs@npm:0.27.0":
  version: 0.27.0
  resolution: "@calcit/procs@npm:0.27.0"
  dependencies:
    "@calcit/ternary-tree": "npm:0.0.26"
    "@cirru/parser.ts": "npm:^0.0.9"
    "@cirru/writer.ts": "npm:^0.1.9"
  checksum: 10c0/85edf1724beaf5e3b895f456b9d81ae93100316802b19bc20ab7cbcc61e295892e787c2f9cca0c9c231ba1cc3c3d320ae158d3f8c9fd39eda24500c56ebe99b1
  languageName: node
  linkType: hard

"@calcit/ternary-tree@npm:0.0.26":
  version: 0.0.26
  resolution: "@calcit/ternary-tree@npm:0.0.26"
  checksum: 10c0/53fee664f72e25f3512f3a61c917fe7926e2620caab1fed68e030ee4ddf905be68b4249c2e644a4db7cadb96b23594059f73fa9c475af8a79526e8d145736563
  languageName: node
  linkType: hard

"@cirru/parser.ts@npm:^0.0.9":
  version: 0.0.9
  resolution: "@cirru/parser.ts@npm:0.0.9"
  checksum: 10c0/3b13623b8f627ac81adae0cb6a4e3664f0da09115a997ca9b78b8d5d0b0f9b9b18c1ad847e068831cb1052c7da2a00329d2af04421b1024a004eef0ddca5fd7a
  languageName: node
  linkType: hard

"@cirru/writer.ts@npm:^0.1.9":
  version: 0.1.9
  resolution: "@cirru/writer.ts@npm:0.1.9"
  checksum: 10c0/df2672837d1bf61ee1a83b8b77ea17b9c241cb8135323567992749ee26daf3abccf43ab75d8698d67c36c8b8469f9a66c235a809a60484d71133592a9161a054
  languageName: node
  linkType: hard

"@isaacs/fs-minipass@npm:^4.0.0":
  version: 4.0.1
  resolution: "@isaacs/fs-minipass@npm:4.0.1"
  dependencies:
    minipass: "npm:^7.0.4"
  checksum: 10c0/c25b6dc1598790d5b55c0947a9b7d111cfa92594db5296c3b907e2f533c033666f692a3939eadac17b1c7c40d362d0b0635dc874cbfe3e70db7c2b07cc97a5d2
  languageName: node
  linkType: hard

"@oxc-project/types@npm:=0.152.0":
  version: 0.152.0
  resolution: "@oxc-project/types@npm:0.152.0"
  checksum: 10c0/5958369f7a2d9fb1f8061ab3aa1abf9b3565cc8895e7e8b3800cd08b6d8077d7ddb4e383ff472811a63302954170a2a52c60fcd7cca38e416910c5f39861d0db
  languageName: node
  linkType: hard

"@rolldown/binding-android-arm-eabi@npm:1.2.12":
  version: 1.2.12
  resolution: "@rolldown/binding-android-arm-eabi@npm:1.2.12"
  conditions: os=android & cpu=arm
  languageName: node
  linkType: hard

"@rolldown/binding-android-arm64@npm:1.2.12":
  version: 1.2.12
  resolution: "@rolldown/binding-android-arm64@npm:1.2.12"
  conditions: os=android & cpu=arm64
  languageName: node
  linkType: hard

"@rolldown/binding-darwin-arm64@npm:1.2.12":
  version: 1.2.12
  resolution: "@rolldown/binding-darwin-arm64@npm:1.2.12"
  conditions: os=darwin & cpu=arm64
  languageName: node
  linkType: hard

"@rolldown/binding-darwin-x64@npm:1.2.12":
  version: 1.2.12
  resolution: "@rolldown/binding-darwin-x64@npm:1.2.12"
  conditions: os=darwin & cpu=x64
  languageName: node
  linkType: hard

"@rolldown/binding-freebsd-x64@npm:1.2.12":
  version: 1.2.12
  resolution: "@rolldown/binding-freebsd-x64@npm:1.2.12"
  conditions: os=freebsd & cpu=x64
  languageName: node
  linkType: hard

"@rolldown/binding-linux-arm-gnueabihf@npm:1.2.12":
  version: 1.2.12
  resolution: "@rolldown/binding-linux-arm-gnueabihf@npm:1.2.12"
  conditions: os=linux & cpu=arm
  languageName: node
  linkType: hard

"@rolldown/binding-linux-arm64-gnu@npm:1.2.12":
  version: 1.2.12
  resolution: "@rolldown/binding-linux-arm64-gnu@npm:1.2.12"
  conditions: os=linux & cpu=arm64 & libc=glibc
  languageName: node
  linkType: hard

"@rolldown/binding-linux-arm64-musl@npm:1.2.12":
  version: 1.2.12
  resolution: "@rolldown/binding-linux-arm64-musl@npm:1.2.12"
  conditions: os=linux & cpu=arm64 & libc=musl
  languageName: node
  linkType: hard

"@rolldown/binding-linux-ppc64-gnu@npm:1.2.12":
  version: 1.2.12
  resolution: "@rolldown/binding-linux-ppc64-gnu@npm:1.2.12"
  conditions: os=linux & cpu=ppc64 & libc=glibc
  languageName: node
  linkType: hard

"@rolldown/binding-linux-s390x-gnu@npm:1.2.12":
  version: 1.2.12
  resolution: "@rolldown/binding-linux-s390x-gnu@npm:1.2.12"
  conditions: os=linux & cpu=s390x & libc=glibc
  languageName: node
  linkType: hard

"@rolldown/binding-linux-x64-gnu@npm:1.2.12":
  version: 1.2.12
  resolution: "@rolldown/binding-linux-x64-gnu@npm:1.2.12"
  conditions: os=linux & cpu=x64 & libc=glibc
  languageName: node
  linkType: hard

"@rolldown/binding-linux-x64-musl@npm:1.2.12":
  version: 1.2.12
  resolution: "@rolldown/binding-linux-x64-musl@npm:1.2.12"
  conditions: os=linux & cpu=x64 & libc=musl
  languageName: node
  linkType: hard

"@rolldown/binding-openharmony-arm64@npm:1.2.12":
  version: 1.2.12
  resolution: "@rolldown/binding-openharmony-arm64@npm:1.2.12"
  conditions: os=openharmony & cpu=arm64
  languageName: node
  linkType: hard

"@rolldown/binding-win32-arm64-msvc@npm:1.2.12":
  version: 1.2.12
  resolution: "@rolldown/binding-win32-arm64-msvc@npm:1.2.12"
  conditions: os=win32 & cpu=arm64
  languageName: node
  linkType: hard

"@rolldown/binding-win32-x64-msvc@npm:1.2.12":
  version: 1.2.12
  resolution: "@rolldown/binding-win32-x64-msvc@npm:1.2.12"
  conditions: os=win32 & cpu=x64
  languageName: node
  linkType: hard

"@rolldown/pluginutils@npm:^1.0.0":
  version: 1.0.1
  resolution: "@rolldown/pluginutils@npm:1.0.1"
  checksum: 10c0/99d9b06d90196823e4d8c841f258db7a16e5dbba5824a2962b05d907b79f1ba929d56f22dd744fd530936e568c865ee56a719dc31e57e13bc0a8eb4764a8d8dd
  languageName: node
  linkType: hard

"abbrev@npm:^5.0.0":
  version: 5.0.0
  resolution: "abbrev@npm:5.0.0"
  checksum: 10c0/8e88f5c798ea4562d28c5a3e9ad69e3879890bc5d695d8f2dffb8609be4c890aacc8f80ef4553fdd2c6a62d70c2ce8bc57b38074e383beb7487bdafa9ed42ea5
  languageName: node
  linkType: hard

"ansi-regex@npm:^5.0.1":
  version: 5.0.1
  resolution: "ansi-regex@npm:5.0.1"
  checksum: 10c0/9a64bb8627b434ba9327b60c027742e5d17ac69277960d041898596271d992d4d52ba7267a63ca10232e29f6107fc8a835f6ce8d719b88c5f8493f8254813737
  languageName: node
  linkType: hard

"ansi-styles@npm:^4.0.0":
  version: 4.3.0
  resolution: "ansi-styles@npm:4.3.0"
  dependencies:
    color-convert: "npm:^2.0.1"
  checksum: 10c0/895a23929da416f2bd3de7e9cb4eabd340949328ab85ddd6e484a637d8f6820d485f53933446f5291c3b760cbc488beb8e88573dd0f9c7daf83dccc8fe81b041
  languageName: node
  linkType: hard

"bottom-tip@npm:^0.1.5":
  version: 0.1.5
  resolution: "bottom-tip@npm:0.1.5"
  dependencies:
    nanoid: "npm:^4.0.1"
    virtual-dom: "npm:^2.1.1"
  checksum: 10c0/6d67176db5e2e66c3566351fe418451a2665f2935f8621a61135fb493bcb2adbf5b6763a584a9935997efb0a89ee1022b60994fd90ef3ef1d8f2e08abe5b34e3
  languageName: node
  linkType: hard

"browser-split@npm:0.0.1":
  version: 0.0.1
  resolution: "browser-split@npm:0.0.1"
  checksum: 10c0/c0ed77e8bf3494e6803681c578f5c0c0d050fbd041f608f0fe7ec23bdb98483ba6905dfa785786963b9b555aab04f95d6e15f8b4ecdd53a40215134a66ec3f39
  languageName: node
  linkType: hard

"camelcase@npm:^5.0.0":
  version: 5.3.1
  resolution: "camelcase@npm:5.3.1"
  checksum: 10c0/92ff9b443bfe8abb15f2b1513ca182d16126359ad4f955ebc83dc4ddcc4ef3fdd2c078bc223f2673dc223488e75c99b16cc4d056624374b799e6a1555cf61b23
  languageName: node
  linkType: hard

"camelize@npm:^1.0.0":
  version: 1.0.1
  resolution: "camelize@npm:1.0.1"
  checksum: 10c0/4c9ac55efd356d37ac483bad3093758236ab686192751d1c9daa43188cc5a07b09bd431eb7458a4efd9ca22424bba23253e7b353feb35d7c749ba040de2385fb
  languageName: node
  linkType: hard

"chownr@npm:^3.0.0":
  version: 3.0.0
  resolution: "chownr@npm:3.0.0"
  checksum: 10c0/43925b87700f7e3893296c8e9c56cc58f926411cce3a6e5898136daaf08f08b9a8eb76d37d3267e707d0dcc17aed2e2ebdf5848c0c3ce95cf910a919935c1b10
  languageName: node
  linkType: hard

"classnames@npm:^2.2.5":
  version: 2.3.2
  resolution: "classnames@npm:2.3.2"
  checksum: 10c0/cd50ead57b4f97436aaa9f9885c6926323efc7c2bea8e3d4eb10e4e972aa6a1cfca1c7a0e06f8a199ca7498d4339e30bb6002e589e61c9f21248cbf3e8b0b18d
  languageName: node
  linkType: hard

"cliui@npm:^6.0.0":
  version: 6.0.0
  resolution: "cliui@npm:6.0.0"
  dependencies:
    string-width: "npm:^4.2.0"
    strip-ansi: "npm:^6.0.0"
    wrap-ansi: "npm:^6.2.0"
  checksum: 10c0/35229b1bb48647e882104cac374c9a18e34bbf0bace0e2cf03000326b6ca3050d6b59545d91e17bfe3705f4a0e2988787aa5cde6331bf5cbbf0164732cef6492
  languageName: node
  linkType: hard

"color-convert@npm:^2.0.1":
  version: 2.0.1
  resolution: "color-convert@npm:2.0.1"
  dependencies:
    color-name: "npm:~1.1.4"
  checksum: 10c0/37e1150172f2e311fe1b2df62c6293a342ee7380da7b9cfdba67ea539909afbd74da27033208d01d6d5cfc65ee7868a22e18d7e7648e004425441c0f8a15a7d7
  languageName: node
  linkType: hard

"color-name@npm:~1.1.4":
  version: 1.1.4
  resolution: "color-name@npm:1.1.4"
  checksum: 10c0/a1a3f914156960902f46f7f56bc62effc6c94e84b2cae157a526b1c1f74b677a47ec602bf68a61abfa2b42d15b7c5651c6dbe72a43af720bc588dff885b10f95
  languageName: node
  linkType: hard

"core-js@npm:^3.1.3":
  version: 3.31.0
  resolution: "core-js@npm:3.31.0"
  checksum: 10c0/6216c7ada80b2468b1297d844fa99a99da97d6156cb05270b3627d8c463fb8c17baeff74ef204ef1c905712930fe82740ba2a74e2f957e4909fd241416fe5735
  languageName: node
  linkType: hard

"decamelize@npm:^1.2.0":
  version: 1.2.0
  resolution: "decamelize@npm:1.2.0"
  checksum: 10c0/85c39fe8fbf0482d4a1e224ef0119db5c1897f8503bcef8b826adff7a1b11414972f6fef2d7dec2ee0b4be3863cf64ac1439137ae9e6af23a3d8dcbe26a5b4b2
  languageName: node
  linkType: hard

"detect-libc@npm:^2.0.3":
  version: 2.1.2
  resolution: "detect-libc@npm:2.1.2"
  checksum: 10c0/acc675c29a5649fa1fb6e255f993b8ee829e510b6b56b0910666949c80c364738833417d0edb5f90e4e46be17228b0f2b66a010513984e18b15deeeac49369c4
  languageName: node
  linkType: hard

"dijkstrajs@npm:^1.0.1":
  version: 1.0.3
  resolution: "dijkstrajs@npm:1.0.3"
  checksum: 10c0/2183d61ac1f25062f3c3773f3ea8d9f45ba164a00e77e07faf8cc5750da966222d1e2ce6299c875a80f969190c71a0973042192c5624d5223e4ed196ff584c99
  languageName: node
  linkType: hard

"dom-walk@npm:^0.1.0":
  version: 0.1.2
  resolution: "dom-walk@npm:0.1.2"
  checksum: 10c0/4d2ad9062a9423d890f8577aa202b597a6b85f9489bdde656b9443901b8b322b289655c3affefc58ec2e41931e0828dfee0a1d2db6829a607d76def5901fc5a9
  languageName: node
  linkType: hard

"emoji-regex@npm:^8.0.0":
  version: 8.0.0
  resolution: "emoji-regex@npm:8.0.0"
  checksum: 10c0/b6053ad39951c4cf338f9092d7bfba448cdfd46fe6a2a034700b149ac9ffbc137e361cbd3c442297f86bed2e5f7576c1b54cc0a6bf8ef5106cc62f496af35010
  languageName: node
  linkType: hard

"encode-utf8@npm:^1.0.3":
  version: 1.0.3
  resolution: "encode-utf8@npm:1.0.3"
  checksum: 10c0/6b3458b73e868113d31099d7508514a5c627d8e16d1e0542d1b4e3652299b8f1f590c468e2b9dcdf1b4021ee961f31839d0be9d70a7f2a8a043c63b63c9b3a88
  languageName: node
  linkType: hard

"env-paths@npm:^2.2.0":
  version: 2.2.1
  resolution: "env-paths@npm:2.2.1"
  checksum: 10c0/285325677bf00e30845e330eec32894f5105529db97496ee3f598478e50f008c5352a41a30e5e72ec9de8a542b5a570b85699cd63bd2bc646dbcb9f311d83bc4
  languageName: node
  linkType: hard

"error@npm:^4.3.0":
  version: 4.4.0
  resolution: "error@npm:4.4.0"
  dependencies:
    camelize: "npm:^1.0.0"
    string-template: "npm:~0.2.0"
    xtend: "npm:~4.0.0"
  checksum: 10c0/6aecddafbc14db142a47df295b2d832630dd4af6ec62a52dbf00eefa7adea249a3182a6c920c5e24974204f7234d02ed2b073f6f8eb164ba2e620d93218e2e66
  languageName: node
  linkType: hard

"ev-store@npm:^7.0.0":
  version: 7.0.0
  resolution: "ev-store@npm:7.0.0"
  dependencies:
    individual: "npm:^3.0.0"
  checksum: 10c0/a470c07142a34ebc1aff20291fafe56675f4231ac5077de2dd6df6134e257a603b45efd4865c2f368084e40b1ac8efcec1459a182ce4bcd52256ae70e1b3dd5d
  languageName: node
  linkType: hard

"exponential-backoff@npm:^3.1.1":
  version: 3.1.3
  resolution: "exponential-backoff@npm:3.1.3"
  checksum: 10c0/77e3ae682b7b1f4972f563c6dbcd2b0d54ac679e62d5d32f3e5085feba20483cf28bd505543f520e287a56d4d55a28d7874299941faf637e779a1aa5994d1267
  languageName: node
  linkType: hard

"fdir@npm:^6.5.0":
  version: 6.5.0
  resolution: "fdir@npm:6.5.0"
  peerDependencies:
    picomatch: ^3 || ^4
  peerDependenciesMeta:
    picomatch:
      optional: true
  checksum: 10c0/e345083c4306b3aed6cb8ec551e26c36bab5c511e99ea4576a16750ddc8d3240e63826cc624f5ae17ad4dc82e68a253213b60d556c11bfad064b7607847ed07f
  languageName: node
  linkType: hard

"feather-icons@npm:^4.29.0":
  version: 4.29.0
  resolution: "feather-icons@npm:4.29.0"
  dependencies:
    classnames: "npm:^2.2.5"
    core-js: "npm:^3.1.3"
  checksum: 10c0/7e9549c8f25902662df5c794e4b67de969ce2818ac978cbdcc7c99907d4c48178b4f59e922892a84280bdb6804c6d1c67f911f3b86d307c7163138505088fc58
  languageName: node
  linkType: hard

"find-up@npm:^4.1.0":
  version: 4.1.0
  resolution: "find-up@npm:4.1.0"
  dependencies:
    locate-path: "npm:^5.0.0"
    path-exists: "npm:^4.0.0"
  checksum: 10c0/0406ee89ebeefa2d507feb07ec366bebd8a6167ae74aa4e34fb4c4abd06cf782a3ce26ae4194d70706f72182841733f00551c209fe575cb00bd92104056e78c1
  languageName: node
  linkType: hard

"fsevents@npm:~2.3.3":
  version: 2.3.3
  resolution: "fsevents@npm:2.3.3"
  dependencies:
    node-gyp: "npm:latest"
  checksum: 10c0/a1f0c44595123ed717febbc478aa952e47adfc28e2092be66b8ab1635147254ca6cfe1df792a8997f22716d4cbafc73309899ff7bfac2ac3ad8cf2e4ecc3ec60
  conditions: os=darwin
  languageName: node
  linkType: hard

"fsevents@patch:fsevents@npm%3A~2.3.3#optional!builtin<compat/fsevents>":
  version: 2.3.3
  resolution: "fsevents@patch:fsevents@npm%3A2.3.3#optional!builtin<compat/fsevents>::version=2.3.3&hash=df0bf1"
  dependencies:
    node-gyp: "npm:latest"
  conditions: os=darwin
  languageName: node
  linkType: hard

"get-caller-file@npm:^2.0.1":
  version: 2.0.5
  resolution: "get-caller-file@npm:2.0.5"
  checksum: 10c0/c6c7b60271931fa752aeb92f2b47e355eac1af3a2673f47c9589e8f8a41adc74d45551c1bc57b5e66a80609f10ffb72b6f575e4370d61cc3f7f3aaff01757cde
  languageName: node
  linkType: hard

"global@npm:^4.3.0":
  version: 4.4.0
  resolution: "global@npm:4.4.0"
  dependencies:
    min-document: "npm:^2.19.0"
    process: "npm:^0.11.10"
  checksum: 10c0/4a467aec6602c00a7c5685f310574ab04e289ad7f894f0f01c9c5763562b82f4b92d1e381ce6c5bbb12173e2a9f759c1b63dda6370cfb199970267e14d90aa91
  languageName: node
  linkType: hard

"graceful-fs@npm:^4.2.6":
  version: 4.2.11
  resolution: "graceful-fs@npm:4.2.11"
  checksum: 10c0/386d011a553e02bc594ac2ca0bd6d9e4c22d7fa8cfbfc448a6d148c59ea881b092db9dbe3547ae4b88e55f1b01f7c4a2ecc53b310c042793e63aa44cf6c257f2
  languageName: node
  linkType: hard

"individual@npm:^3.0.0":
  version: 3.0.0
  resolution: "individual@npm:3.0.0"
  checksum: 10c0/1d5b7af8833a4af77755a98abc0f69e0f54396ca379a5b2287f0b4dafbbbd9ac896e413e780ce18e61476b9bbfe4144b8a36d218770a7a707d490c09d428ea1b
  languageName: node
  linkType: hard

"is-fullwidth-code-point@npm:^3.0.0":
  version: 3.0.0
  resolution: "is-fullwidth-code-point@npm:3.0.0"
  checksum: 10c0/bb11d825e049f38e04c06373a8d72782eee0205bda9d908cc550ccb3c59b99d750ff9537982e01733c1c94a58e35400661f57042158ff5e8f3e90cf936daf0fc
  languageName: node
  linkType: hard

"is-object@npm:^1.0.1":
  version: 1.0.2
  resolution: "is-object@npm:1.0.2"
  checksum: 10c0/9cfb80c3a850f453d4a77297e0556bc2040ac6bea5b6e418aee208654938b36bab768169bef3945ccfac7a9bb460edd8034e7c6d8973bcf147d7571e1b53e764
  languageName: node
  linkType: hard

"isexe@npm:^4.0.0":
  version: 4.0.0
  resolution: "isexe@npm:4.0.0"
  checksum: 10c0/5884815115bceac452877659a9c7726382531592f43dc29e5d48b7c4100661aed54018cb90bd36cb2eaeba521092570769167acbb95c18d39afdccbcca06c5ce
  languageName: node
  linkType: hard

"jsbarcode@npm:^3.11.5":
  version: 3.11.5
  resolution: "jsbarcode@npm:3.11.5"
  bin:
    Barcode.js: bin/barcodes/Barcode.js
    CODE128: bin/barcodes/CODE128
    CODE128.js: bin/barcodes/CODE128/CODE128.js
    CODE128A.js: bin/barcodes/CODE128/CODE128A.js
    CODE128B.js: bin/barcodes/CODE128/CODE128B.js
    CODE128C.js: bin/barcodes/CODE128/CODE128C.js
    CODE128_AUTO.js: bin/barcodes/CODE128/CODE128_AUTO.js
    CODE39: bin/barcodes/CODE39
    EAN.js: bin/barcodes/EAN_UPC/EAN.js
    EAN13.js: bin/barcodes/EAN_UPC/EAN13.js
    EAN2.js: bin/barcodes/EAN_UPC/EAN2.js
    EAN5.js: bin/barcodes/EAN_UPC/EAN5.js
    EAN8.js: bin/barcodes/EAN_UPC/EAN8.js
    EAN_UPC: bin/barcodes/EAN_UPC
    ErrorHandler.js: bin/exceptions/ErrorHandler.js
    GenericBarcode: bin/barcodes/GenericBarcode
    ITF: bin/barcodes/ITF
    ITF.js: bin/barcodes/ITF/ITF.js
    ITF14.js: bin/barcodes/ITF/ITF14.js
    JsBarcode.js: bin/JsBarcode.js
    MSI: bin/barcodes/MSI
    MSI.js: bin/barcodes/MSI/MSI.js
    MSI10.js: bin/barcodes/MSI/MSI10.js
    MSI1010.js: bin/barcodes/MSI/MSI1010.js
    MSI11.js: bin/barcodes/MSI/MSI11.js
    MSI1110.js: bin/barcodes/MSI/MSI1110.js
    UPC.js: bin/barcodes/EAN_UPC/UPC.js
    UPCE.js: bin/barcodes/EAN_UPC/UPCE.js
    auto.js: bin/barcodes/CODE128/auto.js
    barcodes: bin/barcodes
    canvas.js: bin/renderers/canvas.js
    checksums.js: bin/barcodes/MSI/checksums.js
    codabar: bin/barcodes/codabar
    constants.js: bin/barcodes/ITF/constants.js
    defaults.js: bin/options/defaults.js
    encoder.js: bin/barcodes/EAN_UPC/encoder.js
    exceptions: bin/exceptions
    exceptions.js: bin/exceptions/exceptions.js
    fixOptions.js: bin/help/fixOptions.js
    getOptionsFromElement.js: bin/help/getOptionsFromElement.js
    getRenderProperties.js: bin/help/getRenderProperties.js
    help: bin/help
    index.js: bin/renderers/index.js
    index.tmp.js: bin/barcodes/index.tmp.js
    linearizeEncodings.js: bin/help/linearizeEncodings.js
    merge.js: bin/help/merge.js
    object.js: bin/renderers/object.js
    options: bin/options
    optionsFromStrings.js: bin/help/optionsFromStrings.js
    pharmacode: bin/barcodes/pharmacode
    renderers: bin/renderers
    shared.js: bin/renderers/shared.js
    svg.js: bin/renderers/svg.js
  checksum: 10c0/38ed823fec144ef0c935e672e910afd174a069f814b9d2c9f30101022af370dbf627a7fa407d1b9cf31a257f65d3a4ffd6456cb2c98f1c9242434ac3876fded1
  languageName: node
  linkType: hard

"lightningcss-android-arm64@npm:1.33.0":
  version: 1.33.0
  resolution: "lightningcss-android-arm64@npm:1.33.0"
  conditions: os=android & cpu=arm64
  languageName: node
  linkType: hard

"lightningcss-darwin-arm64@npm:1.33.0":
  version: 1.33.0
  resolution: "lightningcss-darwin-arm64@npm:1.33.0"
  conditions: os=darwin & cpu=arm64
  languageName: node
  linkType: hard

"lightningcss-darwin-x64@npm:1.33.0":
  version: 1.33.0
  resolution: "lightningcss-darwin-x64@npm:1.33.0"
  conditions: os=darwin & cpu=x64
  languageName: node
  linkType: hard

"lightningcss-freebsd-x64@npm:1.33.0":
  version: 1.33.0
  resolution: "lightningcss-freebsd-x64@npm:1.33.0"
  conditions: os=freebsd & cpu=x64
  languageName: node
  linkType: hard

"lightningcss-linux-arm-gnueabihf@npm:1.33.0":
  version: 1.33.0
  resolution: "lightningcss-linux-arm-gnueabihf@npm:1.33.0"
  conditions: os=linux & cpu=arm
  languageName: node
  linkType: hard

"lightningcss-linux-arm64-gnu@npm:1.33.0":
  version: 1.33.0
  resolution: "lightningcss-linux-arm64-gnu@npm:1.33.0"
  conditions: os=linux & cpu=arm64 & libc=glibc
  languageName: node
  linkType: hard

"lightningcss-linux-arm64-musl@npm:1.33.0":
  version: 1.33.0
  resolution: "lightningcss-linux-arm64-musl@npm:1.33.0"
  conditions: os=linux & cpu=arm64 & libc=musl
  languageName: node
  linkType: hard

"lightningcss-linux-x64-gnu@npm:1.33.0":
  version: 1.33.0
  resolution: "lightningcss-linux-x64-gnu@npm:1.33.0"
  conditions: os=linux & cpu=x64 & libc=glibc
  languageName: node
  linkType: hard

"lightningcss-linux-x64-musl@npm:1.33.0":
  version: 1.33.0
  resolution: "lightningcss-linux-x64-musl@npm:1.33.0"
  conditions: os=linux & cpu=x64 & libc=musl
  languageName: node
  linkType: hard

"lightningcss-win32-arm64-msvc@npm:1.33.0":
  version: 1.33.0
  resolution: "lightningcss-win32-arm64-msvc@npm:1.33.0"
  conditions: os=win32 & cpu=arm64
  languageName: node
  linkType: hard

"lightningcss-win32-x64-msvc@npm:1.33.0":
  version: 1.33.0
  resolution: "lightningcss-win32-x64-msvc@npm:1.33.0"
  conditions: os=win32 & cpu=x64
  languageName: node
  linkType: hard

"lightningcss@npm:^1.33.0":
  version: 1.33.0
  resolution: "lightningcss@npm:1.33.0"
  dependencies:
    detect-libc: "npm:^2.0.3"
    lightningcss-android-arm64: "npm:1.33.0"
    lightningcss-darwin-arm64: "npm:1.33.0"
    lightningcss-darwin-x64: "npm:1.33.0"
    lightningcss-freebsd-x64: "npm:1.33.0"
    lightningcss-linux-arm-gnueabihf: "npm:1.33.0"
    lightningcss-linux-arm64-gnu: "npm:1.33.0"
    lightningcss-linux-arm64-musl: "npm:1.33.0"
    lightningcss-linux-x64-gnu: "npm:1.33.0"
    lightningcss-linux-x64-musl: "npm:1.33.0"
    lightningcss-win32-arm64-msvc: "npm:1.33.0"
    lightningcss-win32-x64-msvc: "npm:1.33.0"
  dependenciesMeta:
    lightningcss-android-arm64:
      optional: true
    lightningcss-darwin-arm64:
      optional: true
    lightningcss-darwin-x64:
      optional: true
    lightningcss-freebsd-x64:
      optional: true
    lightningcss-linux-arm-gnueabihf:
      optional: true
    lightningcss-linux-arm64-gnu:
      optional: true
    lightningcss-linux-arm64-musl:
      optional: true
    lightningcss-linux-x64-gnu:
      optional: true
    lightningcss-linux-x64-musl:
      optional: true
    lightningcss-win32-arm64-msvc:
      optional: true
    lightningcss-win32-x64-msvc:
      optional: true
  checksum: 10c0/ce1f8279fbae636dbf37fa6e7385d5f98ed881d72af3362f24afbd4685e19c1fcdfecf17e5dd77f2ebee3d0c23ade276230d85842d07292229a2cffba8ff20a3
  languageName: node
  linkType: hard

"locate-path@npm:^5.0.0":
  version: 5.0.0
  resolution: "locate-path@npm:5.0.0"
  dependencies:
    p-locate: "npm:^4.1.0"
  checksum: 10c0/33a1c5247e87e022f9713e6213a744557a3e9ec32c5d0b5efb10aa3a38177615bf90221a5592674857039c1a0fd2063b82f285702d37b792d973e9e72ace6c59
  languageName: node
  linkType: hard

"min-document@npm:^2.19.0":
  version: 2.19.0
  resolution: "min-document@npm:2.19.0"
  dependencies:
    dom-walk: "npm:^0.1.0"
  checksum: 10c0/783724da716fc73a51c171865d7b29bf2b855518573f82ef61c40d214f6898d7b91b5c5419e4d22693cdb78d4615873ebc3b37d7639d3dd00ca283e5a07c7af9
  languageName: node
  linkType: hard

"minipass@npm:^7.0.4, minipass@npm:^7.1.2":
  version: 7.1.3
  resolution: "minipass@npm:7.1.3"
  checksum: 10c0/539da88daca16533211ea5a9ee98dc62ff5742f531f54640dd34429e621955e91cc280a91a776026264b7f9f6735947629f920944e9c1558369e8bf22eb33fbb
  languageName: node
  linkType: hard

"minizlib@npm:^3.1.0":
  version: 3.1.0
  resolution: "minizlib@npm:3.1.0"
  dependencies:
    minipass: "npm:^7.1.2"
  checksum: 10c0/5aad75ab0090b8266069c9aabe582c021ae53eb33c6c691054a13a45db3b4f91a7fb1bd79151e6b4e9e9a86727b522527c0a06ec7d45206b745d54cd3097bcec
  languageName: node
  linkType: hard

"nanoid@npm:^2.1.0":
  version: 2.1.11
  resolution: "nanoid@npm:2.1.11"
  checksum: 10c0/8640d17698633ff78b2549ec8d5dffd8f56909bad1cf0da08bf3a4012f98553b1b9f2327a2d7fb3613084f33189a8ab4b889eb4c7939f3f9e242d9fd8ff059d5
  languageName: node
  linkType: hard

"nanoid@npm:^3.3.18":
  version: 3.3.19
  resolution: "nanoid@npm:3.3.19"
  bin:
    nanoid: bin/nanoid.cjs
  checksum: 10c0/ce7afa6258bfaa00bdc8de291cfe9913280eaa403b7d9cff3db4e4200c1913e7163577df74897958da144db473a96c67f74f57db0f542fbfe409df677bae3255
  languageName: node
  linkType: hard

"nanoid@npm:^4.0.1":
  version: 4.0.2
  resolution: "nanoid@npm:4.0.2"
  bin:
    nanoid: bin/nanoid.js
  checksum: 10c0/3fec62f422bc4727918eda0e7aa43e9cbb2e759be72813a0587b9dac99727d3c7ad972efce7f4f1d4cb5c7c554136a1ec3b1043d1d91d28d818d6acbe98200e5
  languageName: node
  linkType: hard

"next-tick@npm:^0.2.2":
  version: 0.2.2
  resolution: "next-tick@npm:0.2.2"
  checksum: 10c0/ccecbe773004af4ef06870dec192b5c8ad8cfe42425306bff1a90738339c6e6e3a520e65536f8a46a76b45ebf82a7049c8252b3518ec7bac9900859b786aed5b
  languageName: node
  linkType: hard

"node-gyp@npm:latest":
  version: 13.0.2
  resolution: "node-gyp@npm:13.0.2"
  dependencies:
    env-paths: "npm:^2.2.0"
    exponential-backoff: "npm:^3.1.1"
    graceful-fs: "npm:^4.2.6"
    nopt: "npm:^10.0.0"
    proc-log: "npm:^7.0.0"
    semver: "npm:^7.3.5"
    tar: "npm:^7.5.4"
    tinyglobby: "npm:^0.2.12"
    undici: "npm:^8.4.1"
    which: "npm:^7.0.0"
  bin:
    node-gyp: bin/node-gyp.js
  checksum: 10c0/29d33ccf47ffeeb5e7af925550b416f698a26a72eb10975c7eb5775c1d0cecacd76d164a4aa45503d3ddcece209db65c712be00423c69381a4cd14e2e6540559
  languageName: node
  linkType: hard

"nopt@npm:^10.0.0":
  version: 10.0.1
  resolution: "nopt@npm:10.0.1"
  dependencies:
    abbrev: "npm:^5.0.0"
  bin:
    nopt: bin/nopt.js
  checksum: 10c0/980d89257f9587f3e1f77877ddbf905d6aa3b738ec33e49a4fa1a059a0dd82eb28063982b150654a7ae9de386f2ead60e56172db7d37cf56de545f7392a2a26a
  languageName: node
  linkType: hard

"p-limit@npm:^2.2.0":
  version: 2.3.0
  resolution: "p-limit@npm:2.3.0"
  dependencies:
    p-try: "npm:^2.0.0"
  checksum: 10c0/8da01ac53efe6a627080fafc127c873da40c18d87b3f5d5492d465bb85ec7207e153948df6b9cbaeb130be70152f874229b8242ee2be84c0794082510af97f12
  languageName: node
  linkType: hard

"p-locate@npm:^4.1.0":
  version: 4.1.0
  resolution: "p-locate@npm:4.1.0"
  dependencies:
    p-limit: "npm:^2.2.0"
  checksum: 10c0/1b476ad69ad7f6059744f343b26d51ce091508935c1dbb80c4e0a2f397ffce0ca3a1f9f5cd3c7ce19d7929a09719d5c65fe70d8ee289c3f267cd36f2881813e9
  languageName: node
  linkType: hard

"p-try@npm:^2.0.0":
  version: 2.2.0
  resolution: "p-try@npm:2.2.0"
  checksum: 10c0/c36c19907734c904b16994e6535b02c36c2224d433e01a2f1ab777237f4d86e6289fd5fd464850491e940379d4606ed850c03e0f9ab600b0ebddb511312e177f
  languageName: node
  linkType: hard

"path-exists@npm:^4.0.0":
  version: 4.0.0
  resolution: "path-exists@npm:4.0.0"
  checksum: 10c0/8c0bd3f5238188197dc78dced15207a4716c51cc4e3624c44fc97acf69558f5ebb9a2afff486fe1b4ee148e0c133e96c5e11a9aa5c48a3006e3467da070e5e1b
  languageName: node
  linkType: hard

"picocolors@npm:^1.1.1":
  version: 1.1.1
  resolution: "picocolors@npm:1.1.1"
  checksum: 10c0/e2e3e8170ab9d7c7421969adaa7e1b31434f789afb9b3f115f6b96d91945041ac3ceb02e9ec6fe6510ff036bcc0bf91e69a1772edc0b707e12b19c0f2d6bcf58
  languageName: node
  linkType: hard

"picomatch@npm:^4.0.4, picomatch@npm:^4.0.7":
  version: 4.0.7
  resolution: "picomatch@npm:4.0.7"
  checksum: 10c0/beb6ae02c43ae44e84883b90830196d9046b1726ead292adcf7f57945e0bb0d992d68563d87e03b484b6f3c9a5c6defda7523477f047d7f0e663f126cc01787f
  languageName: node
  linkType: hard

"pngjs@npm:^5.0.0":
  version: 5.0.0
  resolution: "pngjs@npm:5.0.0"
  checksum: 10c0/c074d8a94fb75e2defa8021e85356bf7849688af7d8ce9995b7394d57cd1a777b272cfb7c4bce08b8d10e71e708e7717c81fd553a413f21840c548ec9d4893c6
  languageName: node
  linkType: hard

"postcss@npm:^8.5.28":
  version: 8.5.28
  resolution: "postcss@npm:8.5.28"
  dependencies:
    nanoid: "npm:^3.3.18"
    picocolors: "npm:^1.1.1"
    source-map-js: "npm:^1.2.1"
  checksum: 10c0/9fe44215a6628d89c8a75184b92f5b2f77e16f9e5b13b39b9009bb7e8e6eccddf82c8854bae922db1f17ace6ef3445073fe38abff513caeb03e5285b1b55620a
  languageName: node
  linkType: hard

"proc-log@npm:^7.0.0":
  version: 7.0.0
  resolution: "proc-log@npm:7.0.0"
  checksum: 10c0/b89c2d862604f35fec795477b0c7e376feab3ba0d4f4d291c4e959567442697cf451ac557d0623c1cc38af45a78128b983410f397a10c5d3a67f76c33de4754b
  languageName: node
  linkType: hard

"process@npm:^0.11.10":
  version: 0.11.10
  resolution: "process@npm:0.11.10"
  checksum: 10c0/40c3ce4b7e6d4b8c3355479df77aeed46f81b279818ccdc500124e6a5ab882c0cc81ff7ea16384873a95a74c4570b01b120f287abbdd4c877931460eca6084b3
  languageName: node
  linkType: hard

"qrcode-shelf@workspace:.":
  version: 0.0.0-use.local
  resolution: "qrcode-shelf@workspace:."
  dependencies:
    "@calcit/procs": "npm:0.27.0"
    bottom-tip: "npm:^0.1.5"
    feather-icons: "npm:^4.29.0"
    jsbarcode: "npm:^3.11.5"
    qrcode: "npm:^1.5.3"
    shortid: "npm:^2.2.16"
    vite: "npm:8.3.1"
  languageName: unknown
  linkType: soft

"qrcode@npm:^1.5.3":
  version: 1.5.3
  resolution: "qrcode@npm:1.5.3"
  dependencies:
    dijkstrajs: "npm:^1.0.1"
    encode-utf8: "npm:^1.0.3"
    pngjs: "npm:^5.0.0"
    yargs: "npm:^15.3.1"
  bin:
    qrcode: bin/qrcode
  checksum: 10c0/eb961cd8246e00ae338b6d4a3a28574174456db42cec7070aa2b315fb6576b7f040b0e4347be290032e447359a145c68cb60ef884d55ca3e1076294fed46f719
  languageName: node
  linkType: hard

"require-directory@npm:^2.1.1":
  version: 2.1.1
  resolution: "require-directory@npm:2.1.1"
  checksum: 10c0/83aa76a7bc1531f68d92c75a2ca2f54f1b01463cb566cf3fbc787d0de8be30c9dbc211d1d46be3497dac5785fe296f2dd11d531945ac29730643357978966e99
  languageName: node
  linkType: hard

"require-main-filename@npm:^2.0.0":
  version: 2.0.0
  resolution: "require-main-filename@npm:2.0.0"
  checksum: 10c0/db91467d9ead311b4111cbd73a4e67fa7820daed2989a32f7023785a2659008c6d119752d9c4ac011ae07e537eb86523adff99804c5fdb39cd3a017f9b401bb6
  languageName: node
  linkType: hard

"rolldown@npm:~1.2.9":
  version: 1.2.12
  resolution: "rolldown@npm:1.2.12"
  dependencies:
    "@oxc-project/types": "npm:=0.152.0"
    "@rolldown/binding-android-arm-eabi": "npm:1.2.12"
    "@rolldown/binding-android-arm64": "npm:1.2.12"
    "@rolldown/binding-darwin-arm64": "npm:1.2.12"
    "@rolldown/binding-darwin-x64": "npm:1.2.12"
    "@rolldown/binding-freebsd-x64": "npm:1.2.12"
    "@rolldown/binding-linux-arm-gnueabihf": "npm:1.2.12"
    "@rolldown/binding-linux-arm64-gnu": "npm:1.2.12"
    "@rolldown/binding-linux-arm64-musl": "npm:1.2.12"
    "@rolldown/binding-linux-ppc64-gnu": "npm:1.2.12"
    "@rolldown/binding-linux-s390x-gnu": "npm:1.2.12"
    "@rolldown/binding-linux-x64-gnu": "npm:1.2.12"
    "@rolldown/binding-linux-x64-musl": "npm:1.2.12"
    "@rolldown/binding-openharmony-arm64": "npm:1.2.12"
    "@rolldown/binding-win32-arm64-msvc": "npm:1.2.12"
    "@rolldown/binding-win32-x64-msvc": "npm:1.2.12"
    "@rolldown/pluginutils": "npm:^1.0.0"
  dependenciesMeta:
    "@rolldown/binding-android-arm-eabi":
      optional: true
    "@rolldown/binding-android-arm64":
      optional: true
    "@rolldown/binding-darwin-arm64":
      optional: true
    "@rolldown/binding-darwin-x64":
      optional: true
    "@rolldown/binding-freebsd-x64":
      optional: true
    "@rolldown/binding-linux-arm-gnueabihf":
      optional: true
    "@rolldown/binding-linux-arm64-gnu":
      optional: true
    "@rolldown/binding-linux-arm64-musl":
      optional: true
    "@rolldown/binding-linux-ppc64-gnu":
      optional: true
    "@rolldown/binding-linux-s390x-gnu":
      optional: true
    "@rolldown/binding-linux-x64-gnu":
      optional: true
    "@rolldown/binding-linux-x64-musl":
      optional: true
    "@rolldown/binding-openharmony-arm64":
      optional: true
    "@rolldown/binding-win32-arm64-msvc":
      optional: true
    "@rolldown/binding-win32-x64-msvc":
      optional: true
  bin:
    rolldown: ./bin/cli.mjs
  checksum: 10c0/5e01b955608d9ee601359caa228155c99b2ac4e9e5ef8cbff1962654ab32e5f406ae6872576aa69104b94705bb3743bdb042038c120d5197c1edb18588272aac
  languageName: node
  linkType: hard

"semver@npm:^7.3.5":
  version: 7.8.5
  resolution: "semver@npm:7.8.5"
  bin:
    semver: bin/semver.js
  checksum: 10c0/b1f3127a5be8125a94f37188b361c212466c292c6910adce3ec106cff5dc211ccaedc4739c11bb70fda59d6fc1f040a9bca289f4e093451521a2372e5231fe0c
  languageName: node
  linkType: hard

"set-blocking@npm:^2.0.0":
  version: 2.0.0
  resolution: "set-blocking@npm:2.0.0"
  checksum: 10c0/9f8c1b2d800800d0b589de1477c753492de5c1548d4ade52f57f1d1f5e04af5481554d75ce5e5c43d4004b80a3eb714398d6907027dc0534177b7539119f4454
  languageName: node
  linkType: hard

"shortid@npm:^2.2.16":
  version: 2.2.16
  resolution: "shortid@npm:2.2.16"
  dependencies:
    nanoid: "npm:^2.1.0"
  checksum: 10c0/7f389eb96cc11b569ac02655b861290a194f3a5402b3e3c86d21b9d016ac964683bdd6aac03b61fb6ddc5a727641442f56b70266742cf0911eee3bdc61be99eb
  languageName: node
  linkType: hard

"source-map-js@npm:^1.2.1":
  version: 1.2.2
  resolution: "source-map-js@npm:1.2.2"
  checksum: 10c0/d5d6dec62266834f83dd4f8a2606a196fb1a006ca5d53b0ef80ee513b7eba2f4e2ae241f4bc129ae7e9b80dea24f6e3d92b446b7e6e96be7653cab8888168a94
  languageName: node
  linkType: hard

"string-template@npm:~0.2.0":
  version: 0.2.1
  resolution: "string-template@npm:0.2.1"
  checksum: 10c0/5dc9bd8741e50aaf1ebb616c64fdada32301dc52718692a7a13088285b96fecd1010ab612b348ef29c08dff4df4f96c8e80689ca855a578d01cc182e48199182
  languageName: node
  linkType: hard

"string-width@npm:^4.1.0, string-width@npm:^4.2.0":
  version: 4.2.3
  resolution: "string-width@npm:4.2.3"
  dependencies:
    emoji-regex: "npm:^8.0.0"
    is-fullwidth-code-point: "npm:^3.0.0"
    strip-ansi: "npm:^6.0.1"
  checksum: 10c0/1e525e92e5eae0afd7454086eed9c818ee84374bb80328fc41217ae72ff5f065ef1c9d7f72da41de40c75fa8bb3dee63d92373fd492c84260a552c636392a47b
  languageName: node
  linkType: hard

"strip-ansi@npm:^6.0.0, strip-ansi@npm:^6.0.1":
  version: 6.0.1
  resolution: "strip-ansi@npm:6.0.1"
  dependencies:
    ansi-regex: "npm:^5.0.1"
  checksum: 10c0/1ae5f212a126fe5b167707f716942490e3933085a5ff6c008ab97ab2f272c8025d3aa218b7bd6ab25729ca20cc81cddb252102f8751e13482a5199e873680952
  languageName: node
  linkType: hard

"tar@npm:^7.5.4":
  version: 7.5.22
  resolution: "tar@npm:7.5.22"
  dependencies:
    "@isaacs/fs-minipass": "npm:^4.0.0"
    chownr: "npm:^3.0.0"
    minipass: "npm:^7.1.2"
    minizlib: "npm:^3.1.0"
    yallist: "npm:^5.0.0"
  checksum: 10c0/1311f6be85a8157ac4c9147bae43e13923d2a1aae15e4aa1bd5239e4e03d2cf53cfe103dde7f35832fbb4c938b042856bc8e9a0afd29abd05e2d1608788c4fea
  languageName: node
  linkType: hard

"tinyglobby@npm:^0.2.12, tinyglobby@npm:^0.2.17":
  version: 0.2.17
  resolution: "tinyglobby@npm:0.2.17"
  dependencies:
    fdir: "npm:^6.5.0"
    picomatch: "npm:^4.0.4"
  checksum: 10c0/7f7bb0f197c88bc4b20c231e0deca4240ca3bf313a88f5a7fee93a872b84966a4d50220947c0455ad07a60b3b360961c5b7fd979222aeb716a9f99b412002e4c
  languageName: node
  linkType: hard

"undici@npm:^8.4.1":
  version: 8.11.2
  resolution: "undici@npm:8.11.2"
  checksum: 10c0/106f6991178fb7562fd90cdec7993c5f807a9428682306091f0c4b27fc474ec291f868e29972c6252988bf061ad193df943b3b99e775be157a28d92bbb95699d
  languageName: node
  linkType: hard

"virtual-dom@npm:^2.1.1":
  version: 2.1.1
  resolution: "virtual-dom@npm:2.1.1"
  dependencies:
    browser-split: "npm:0.0.1"
    error: "npm:^4.3.0"
    ev-store: "npm:^7.0.0"
    global: "npm:^4.3.0"
    is-object: "npm:^1.0.1"
    next-tick: "npm:^0.2.2"
    x-is-array: "npm:0.1.0"
    x-is-string: "npm:0.1.0"
  checksum: 10c0/15b89e0ae3d259a190c0489c74b3119f10e93fe55d108f394749a1a324e413e22fbc98710538b31cfaafbedd2ab0ff5379c61790e20778b923e33375f47d3cfb
  languageName: node
  linkType: hard

"vite@npm:8.3.1":
  version: 8.3.1
  resolution: "vite@npm:8.3.1"
  dependencies:
    fsevents: "npm:~2.3.3"
    lightningcss: "npm:^1.33.0"
    picomatch: "npm:^4.0.7"
    postcss: "npm:^8.5.28"
    rolldown: "npm:~1.2.9"
    tinyglobby: "npm:^0.2.17"
  peerDependencies:
    "@types/node": ^20.19.0 || >=22.12.0
    "@vitejs/devtools": ^0.7.1
    esbuild: ^0.27.0 || ^0.28.0
    jiti: ">=1.21.0"
    less: ^4.0.0
    sass: ^1.70.0
    sass-embedded: ^1.70.0
    stylus: ">=0.54.8"
    sugarss: ^5.0.0
    terser: ^5.16.0
    tsx: ^4.8.1
    yaml: ^2.4.2
  dependenciesMeta:
    fsevents:
      optional: true
  peerDependenciesMeta:
    "@types/node":
      optional: true
    "@vitejs/devtools":
      optional: true
    esbuild:
      optional: true
    jiti:
      optional: true
    less:
      optional: true
    sass:
      optional: true
    sass-embedded:
      optional: true
    stylus:
      optional: true
    sugarss:
      optional: true
    terser:
      optional: true
    tsx:
      optional: true
    yaml:
      optional: true
  bin:
    vite: bin/vite.js
  checksum: 10c0/a91f4fee1cd331912ee3ac45f49900044846e28b8632ae734fe1978630e643e503d04181b2aeac59f70556fc51137dd49179fd39cbeb72a3e5f0bce88d2bcd30
  languageName: node
  linkType: hard

"which-module@npm:^2.0.0":
  version: 2.0.1
  resolution: "which-module@npm:2.0.1"
  checksum: 10c0/087038e7992649eaffa6c7a4f3158d5b53b14cf5b6c1f0e043dccfacb1ba179d12f17545d5b85ebd94a42ce280a6fe65d0cbcab70f4fc6daad1dfae85e0e6a3e
  languageName: node
  linkType: hard

"which@npm:^7.0.0":
  version: 7.0.0
  resolution: "which@npm:7.0.0"
  dependencies:
    isexe: "npm:^4.0.0"
  bin:
    node-which: bin/which.js
  checksum: 10c0/ca0b54f198f78bbc4b7c02e34bda8d335cb352e0adb4cbca1c37b1a957af3a879a82c4c27ca6525bc942f548d8b64f816ef6528360af9f3de55ffb9b979b620d
  languageName: node
  linkType: hard

"wrap-ansi@npm:^6.2.0":
  version: 6.2.0
  resolution: "wrap-ansi@npm:6.2.0"
  dependencies:
    ansi-styles: "npm:^4.0.0"
    string-width: "npm:^4.1.0"
    strip-ansi: "npm:^6.0.0"
  checksum: 10c0/baad244e6e33335ea24e86e51868fe6823626e3a3c88d9a6674642afff1d34d9a154c917e74af8d845fd25d170c4ea9cf69a47133c3f3656e1252b3d462d9f6c
  languageName: node
  linkType: hard

"x-is-array@npm:0.1.0":
  version: 0.1.0
  resolution: "x-is-array@npm:0.1.0"
  checksum: 10c0/b559d9acfdffb3ea6c31e07b152439df2e85d98cc674846ccb785a003ff597bd3e31475d50eda62296c1503284c69c00bbb1f1dd5b3958b32aa72ea26099c42c
  languageName: node
  linkType: hard

"x-is-string@npm:0.1.0":
  version: 0.1.0
  resolution: "x-is-string@npm:0.1.0"
  checksum: 10c0/1ec001229eb17ac5c08c5bfb03c6d6e415306a6e923c0dbcadc5cb655b6008f61d50f29fcf610c9527bcbb9df40db82fb3cc9aefcb575898fba2affa17864f1c
  languageName: node
  linkType: hard

"xtend@npm:~4.0.0":
  version: 4.0.2
  resolution: "xtend@npm:4.0.2"
  checksum: 10c0/366ae4783eec6100f8a02dff02ac907bf29f9a00b82ac0264b4d8b832ead18306797e283cf19de776538babfdcb2101375ec5646b59f08c52128ac4ab812ed0e
  languageName: node
  linkType: hard

"y18n@npm:^4.0.0":
  version: 4.0.3
  resolution: "y18n@npm:4.0.3"
  checksum: 10c0/308a2efd7cc296ab2c0f3b9284fd4827be01cfeb647b3ba18230e3a416eb1bc887ac050de9f8c4fd9e7856b2e8246e05d190b53c96c5ad8d8cb56dffb6f81024
  languageName: node
  linkType: hard

"yallist@npm:^5.0.0":
  version: 5.0.0
  resolution: "yallist@npm:5.0.0"
  checksum: 10c0/a499c81ce6d4a1d260d4ea0f6d49ab4da09681e32c3f0472dee16667ed69d01dae63a3b81745a24bd78476ec4fcf856114cb4896ace738e01da34b2c42235416
  languageName: node
  linkType: hard

"yargs-parser@npm:^18.1.2":
  version: 18.1.3
  resolution: "yargs-parser@npm:18.1.3"
  dependencies:
    camelcase: "npm:^5.0.0"
    decamelize: "npm:^1.2.0"
  checksum: 10c0/25df918833592a83f52e7e4f91ba7d7bfaa2b891ebf7fe901923c2ee797534f23a176913ff6ff7ebbc1cc1725a044cc6a6539fed8bfd4e13b5b16376875f9499
  languageName: node
  linkType: hard

"yargs@npm:^15.3.1":
  version: 15.4.1
  resolution: "yargs@npm:15.4.1"
  dependencies:
    cliui: "npm:^6.0.0"
    decamelize: "npm:^1.2.0"
    find-up: "npm:^4.1.0"
    get-caller-file: "npm:^2.0.1"
    require-directory: "npm:^2.1.1"
    require-main-filename: "npm:^2.0.0"
    set-blocking: "npm:^2.0.0"
    string-width: "npm:^4.2.0"
    which-module: "npm:^2.0.0"
    y18n: "npm:^4.0.0"
    yargs-parser: "npm:^18.1.2"
  checksum: 10c0/f1ca680c974333a5822732825cca7e95306c5a1e7750eb7b973ce6dc4f97a6b0a8837203c8b194f461969bfe1fb1176d1d423036635285f6010b392fa498ab2d
  languageName: node
  linkType: hard
